# generated by rye
# use `rye lock` or `rye sync` to update this lockfile
#
# last locked with the following flags:
#   pre: false
#   features: []
#   all-features: false
#   with-sources: false
#   generate-hashes: false
#   universal: false

-e file:.
cmdstanpy==1.2.4
    # via prophet
colorama==0.4.6
    # via tqdm
contourpy==1.2.1
    # via matplotlib
cycler==0.12.1
    # via matplotlib
fonttools==4.53.1
    # via matplotlib
holidays==0.54
    # via prophet
importlib-resources==6.4.0
    # via prophet
kiwisolver==1.4.5
    # via matplotlib
matplotlib==3.9.2
    # via prophet
numpy==2.0.1
    # via cmdstanpy
    # via contourpy
    # via matplotlib
    # via pandas
    # via prophet
    # via stanio
packaging==24.1
    # via matplotlib
pandas==2.2.2
    # via cmdstanpy
    # via prophet
pillow==10.4.0
    # via matplotlib
prophet==1.1.5
    # via pytoolsz
pyparsing==3.1.2
    # via matplotlib
python-dateutil==2.9.0.post0
    # via holidays
    # via matplotlib
    # via pandas
pytz==2024.1
    # via pandas
six==1.16.0
    # via python-dateutil
stanio==0.5.1
    # via cmdstanpy
tqdm==4.66.5
    # via cmdstanpy
    # via prophet
tzdata==2024.1
    # via pandas
